
Microsoft Visual Studio Solution File, Format Version 12.00
# Visual Studio Version 16
VisualStudioVersion = 16.0.31729.503
MinimumVisualStudioVersion = 10.0.40219.1
Project("{FAE04EC0-301F-11D3-BF4B-00C04F79EFBC}") = "DobórGwintówTocznych", "DobórGwintówTocznych\DobórGwintówTocznych.csproj", "{FB74EBBE-1F77-4C88-AB12-F8A3BD6171A7}"
EndProject
Global
	GlobalSection(SolutionConfigurationPlatforms) = preSolution
		Debug|Any CPU = Debug|Any CPU
		Release|Any CPU = Release|Any CPU
	EndGlobalSection
	GlobalSection(ProjectConfigurationPlatforms) = postSolution
		{FB74EBBE-1F77-4C88-AB12-F8A3BD6171A7}.Debug|Any CPU.ActiveCfg = Debug|Any CPU
		{FB74EBBE-1F77-4C88-AB12-F8A3BD6171A7}.Debug|Any CPU.Build.0 = Debug|Any CPU
		{FB74EBBE-1F77-4C88-AB12-F8A3BD6171A7}.Release|Any CPU.ActiveCfg = Release|Any CPU
		{FB74EBBE-1F77-4C88-AB12-F8A3BD6171A7}.Release|Any CPU.Build.0 = Release|Any CPU
	EndGlobalSection
	GlobalSection(SolutionProperties) = preSolution
		HideSolutionNode = FALSE
	EndGlobalSection
	GlobalSection(ExtensibilityGlobals) = postSolution
		SolutionGuid = {1F60C225-68D8-44E5-A15F-422A4EB8D395}
	EndGlobalSection
EndGlobal
